
Microsoft Visual Studio Solution File, Format Version 12.00
# Visual Studio Version 17
VisualStudioVersion = 17.8.34330.188
MinimumVisualStudioVersion = 10.0.40219.1
Project("{9A19103F-16F7-4668-BE54-9A1E7A4F7556}") = "AzureDevOpsUtils", "AzureDevOpsUtils\AzureDevOpsUtils.csproj", "{42A723C8-696C-4E23-8CF2-30F1764AC625}"
EndProject
Project("{9A19103F-16F7-4668-BE54-9A1E7A4F7556}") = "AzureDevOpsUtils.Tests", "AzureDevOpsUtils.Tests\AzureDevOpsUtils.Tests.csproj", "{88FA6A7E-6F33-421E-987A-3906F2A40DAB}"
EndProject
Project("{9A19103F-16F7-4668-BE54-9A1E7A4F7556}") = "AzureDevOpsAPI", "AzureDevOpsAPI\AzureDevOpsAPI.csproj", "{5EB64B66-ACA8-4AAC-ADE5-45915CBDCFCD}"
EndProject
Project("{9A19103F-16F7-4668-BE54-9A1E7A4F7556}") = "AzureDevOpsApp", "AzureDevOpsApp\AzureDevOpsApp.csproj", "{7D5B77D1-9A3E-419C-80A9-0E7129B4AAB4}"
EndProject
Project("{9A19103F-16F7-4668-BE54-9A1E7A4F7556}") = "AzureDevOps.Model", "AzureDevOps.Model\AzureDevOps.Model.csproj", "{DE56F5D5-C8F3-492E-8AA9-7B764B5F5ED8}"
EndProject
Project("{FAE04EC0-301F-11D3-BF4B-00C04F79EFBC}") = "AzureDevOps.Model.Tests", "AzureDevOps.Model.Tests\AzureDevOps.Model.Tests.csproj", "{F9E04676-1243-4D3A-915F-47137625CCF4}"
EndProject
Global
	GlobalSection(SolutionConfigurationPlatforms) = preSolution
		Debug|Any CPU = Debug|Any CPU
		Debug|ARM = Debug|ARM
		Debug|ARM64 = Debug|ARM64
		Debug|x64 = Debug|x64
		Debug|x86 = Debug|x86
		Release|Any CPU = Release|Any CPU
		Release|ARM = Release|ARM
		Release|ARM64 = Release|ARM64
		Release|x64 = Release|x64
		Release|x86 = Release|x86
	EndGlobalSection
	GlobalSection(ProjectConfigurationPlatforms) = postSolution
		{42A723C8-696C-4E23-8CF2-30F1764AC625}.Debug|Any CPU.ActiveCfg = Debug|Any CPU
		{42A723C8-696C-4E23-8CF2-30F1764AC625}.Debug|Any CPU.Build.0 = Debug|Any CPU
		{42A723C8-696C-4E23-8CF2-30F1764AC625}.Debug|ARM.ActiveCfg = Debug|Any CPU
		{42A723C8-696C-4E23-8CF2-30F1764AC625}.Debug|ARM.Build.0 = Debug|Any CPU
		{42A723C8-696C-4E23-8CF2-30F1764AC625}.Debug|ARM64.ActiveCfg = Debug|Any CPU
		{42A723C8-696C-4E23-8CF2-30F1764AC625}.Debug|ARM64.Build.0 = Debug|Any CPU
		{42A723C8-696C-4E23-8CF2-30F1764AC625}.Debug|x64.ActiveCfg = Debug|Any CPU
		{42A723C8-696C-4E23-8CF2-30F1764AC625}.Debug|x64.Build.0 = Debug|Any CPU
		{42A723C8-696C-4E23-8CF2-30F1764AC625}.Debug|x86.ActiveCfg = Debug|Any CPU
		{42A723C8-696C-4E23-8CF2-30F1764AC625}.Debug|x86.Build.0 = Debug|Any CPU
		{42A723C8-696C-4E23-8CF2-30F1764AC625}.Release|Any CPU.ActiveCfg = Release|Any CPU
		{42A723C8-696C-4E23-8CF2-30F1764AC625}.Release|Any CPU.Build.0 = Release|Any CPU
		{42A723C8-696C-4E23-8CF2-30F1764AC625}.Release|ARM.ActiveCfg = Release|Any CPU
		{42A723C8-696C-4E23-8CF2-30F1764AC625}.Release|ARM.Build.0 = Release|Any CPU
		{42A723C8-696C-4E23-8CF2-30F1764AC625}.Release|ARM64.ActiveCfg = Release|Any CPU
		{42A723C8-696C-4E23-8CF2-30F1764AC625}.Release|ARM64.Build.0 = Release|Any CPU
		{42A723C8-696C-4E23-8CF2-30F1764AC625}.Release|x64.ActiveCfg = Release|Any CPU
		{42A723C8-696C-4E23-8CF2-30F1764AC625}.Release|x64.Build.0 = Release|Any CPU
		{42A723C8-696C-4E23-8CF2-30F1764AC625}.Release|x86.ActiveCfg = Release|Any CPU
		{42A723C8-696C-4E23-8CF2-30F1764AC625}.Release|x86.Build.0 = Release|Any CPU
		{88FA6A7E-6F33-421E-987A-3906F2A40DAB}.Debug|Any CPU.ActiveCfg = Debug|Any CPU
		{88FA6A7E-6F33-421E-987A-3906F2A40DAB}.Debug|Any CPU.Build.0 = Debug|Any CPU
		{88FA6A7E-6F33-421E-987A-3906F2A40DAB}.Debug|ARM.ActiveCfg = Debug|Any CPU
		{88FA6A7E-6F33-421E-987A-3906F2A40DAB}.Debug|ARM.Build.0 = Debug|Any CPU
		{88FA6A7E-6F33-421E-987A-3906F2A40DAB}.Debug|ARM64.ActiveCfg = Debug|Any CPU
		{88FA6A7E-6F33-421E-987A-3906F2A40DAB}.Debug|ARM64.Build.0 = Debug|Any CPU
		{88FA6A7E-6F33-421E-987A-3906F2A40DAB}.Debug|x64.ActiveCfg = Debug|Any CPU
		{88FA6A7E-6F33-421E-987A-3906F2A40DAB}.Debug|x64.Build.0 = Debug|Any CPU
		{88FA6A7E-6F33-421E-987A-3906F2A40DAB}.Debug|x86.ActiveCfg = Debug|Any CPU
		{88FA6A7E-6F33-421E-987A-3906F2A40DAB}.Debug|x86.Build.0 = Debug|Any CPU
		{88FA6A7E-6F33-421E-987A-3906F2A40DAB}.Release|Any CPU.ActiveCfg = Release|Any CPU
		{88FA6A7E-6F33-421E-987A-3906F2A40DAB}.Release|Any CPU.Build.0 = Release|Any CPU
		{88FA6A7E-6F33-421E-987A-3906F2A40DAB}.Release|ARM.ActiveCfg = Release|Any CPU
		{88FA6A7E-6F33-421E-987A-3906F2A40DAB}.Release|ARM.Build.0 = Release|Any CPU
		{88FA6A7E-6F33-421E-987A-3906F2A40DAB}.Release|ARM64.ActiveCfg = Release|Any CPU
		{88FA6A7E-6F33-421E-987A-3906F2A40DAB}.Release|ARM64.Build.0 = Release|Any CPU
		{88FA6A7E-6F33-421E-987A-3906F2A40DAB}.Release|x64.ActiveCfg = Release|Any CPU
		{88FA6A7E-6F33-421E-987A-3906F2A40DAB}.Release|x64.Build.0 = Release|Any CPU
		{88FA6A7E-6F33-421E-987A-3906F2A40DAB}.Release|x86.ActiveCfg = Release|Any CPU
		{88FA6A7E-6F33-421E-987A-3906F2A40DAB}.Release|x86.Build.0 = Release|Any CPU
		{5EB64B66-ACA8-4AAC-ADE5-45915CBDCFCD}.Debug|Any CPU.ActiveCfg = Debug|Any CPU
		{5EB64B66-ACA8-4AAC-ADE5-45915CBDCFCD}.Debug|Any CPU.Build.0 = Debug|Any CPU
		{5EB64B66-ACA8-4AAC-ADE5-45915CBDCFCD}.Debug|ARM.ActiveCfg = Debug|Any CPU
		{5EB64B66-ACA8-4AAC-ADE5-45915CBDCFCD}.Debug|ARM.Build.0 = Debug|Any CPU
		{5EB64B66-ACA8-4AAC-ADE5-45915CBDCFCD}.Debug|ARM64.ActiveCfg = Debug|Any CPU
		{5EB64B66-ACA8-4AAC-ADE5-45915CBDCFCD}.Debug|ARM64.Build.0 = Debug|Any CPU
		{5EB64B66-ACA8-4AAC-ADE5-45915CBDCFCD}.Debug|x64.ActiveCfg = Debug|Any CPU
		{5EB64B66-ACA8-4AAC-ADE5-45915CBDCFCD}.Debug|x64.Build.0 = Debug|Any CPU
		{5EB64B66-ACA8-4AAC-ADE5-45915CBDCFCD}.Debug|x86.ActiveCfg = Debug|Any CPU
		{5EB64B66-ACA8-4AAC-ADE5-45915CBDCFCD}.Debug|x86.Build.0 = Debug|Any CPU
		{5EB64B66-ACA8-4AAC-ADE5-45915CBDCFCD}.Release|Any CPU.ActiveCfg = Release|Any CPU
		{5EB64B66-ACA8-4AAC-ADE5-45915CBDCFCD}.Release|Any CPU.Build.0 = Release|Any CPU
		{5EB64B66-ACA8-4AAC-ADE5-45915CBDCFCD}.Release|ARM.ActiveCfg = Release|Any CPU
		{5EB64B66-ACA8-4AAC-ADE5-45915CBDCFCD}.Release|ARM.Build.0 = Release|Any CPU
		{5EB64B66-ACA8-4AAC-ADE5-45915CBDCFCD}.Release|ARM64.ActiveCfg = Release|Any CPU
		{5EB64B66-ACA8-4AAC-ADE5-45915CBDCFCD}.Release|ARM64.Build.0 = Release|Any CPU
		{5EB64B66-ACA8-4AAC-ADE5-45915CBDCFCD}.Release|x64.ActiveCfg = Release|Any CPU
		{5EB64B66-ACA8-4AAC-ADE5-45915CBDCFCD}.Release|x64.Build.0 = Release|Any CPU
		{5EB64B66-ACA8-4AAC-ADE5-45915CBDCFCD}.Release|x86.ActiveCfg = Release|Any CPU
		{5EB64B66-ACA8-4AAC-ADE5-45915CBDCFCD}.Release|x86.Build.0 = Release|Any CPU
		{7D5B77D1-9A3E-419C-80A9-0E7129B4AAB4}.Debug|Any CPU.ActiveCfg = Debug|Any CPU
		{7D5B77D1-9A3E-419C-80A9-0E7129B4AAB4}.Debug|Any CPU.Build.0 = Debug|Any CPU
		{7D5B77D1-9A3E-419C-80A9-0E7129B4AAB4}.Debug|ARM.ActiveCfg = Debug|Any CPU
		{7D5B77D1-9A3E-419C-80A9-0E7129B4AAB4}.Debug|ARM.Build.0 = Debug|Any CPU
		{7D5B77D1-9A3E-419C-80A9-0E7129B4AAB4}.Debug|ARM64.ActiveCfg = Debug|Any CPU
		{7D5B77D1-9A3E-419C-80A9-0E7129B4AAB4}.Debug|ARM64.Build.0 = Debug|Any CPU
		{7D5B77D1-9A3E-419C-80A9-0E7129B4AAB4}.Debug|x64.ActiveCfg = Debug|Any CPU
		{7D5B77D1-9A3E-419C-80A9-0E7129B4AAB4}.Debug|x64.Build.0 = Debug|Any CPU
		{7D5B77D1-9A3E-419C-80A9-0E7129B4AAB4}.Debug|x86.ActiveCfg = Debug|Any CPU
		{7D5B77D1-9A3E-419C-80A9-0E7129B4AAB4}.Debug|x86.Build.0 = Debug|Any CPU
		{7D5B77D1-9A3E-419C-80A9-0E7129B4AAB4}.Release|Any CPU.ActiveCfg = Release|Any CPU
		{7D5B77D1-9A3E-419C-80A9-0E7129B4AAB4}.Release|Any CPU.Build.0 = Release|Any CPU
		{7D5B77D1-9A3E-419C-80A9-0E7129B4AAB4}.Release|ARM.ActiveCfg = Release|Any CPU
		{7D5B77D1-9A3E-419C-80A9-0E7129B4AAB4}.Release|ARM.Build.0 = Release|Any CPU
		{7D5B77D1-9A3E-419C-80A9-0E7129B4AAB4}.Release|ARM64.ActiveCfg = Release|Any CPU
		{7D5B77D1-9A3E-419C-80A9-0E7129B4AAB4}.Release|ARM64.Build.0 = Release|Any CPU
		{7D5B77D1-9A3E-419C-80A9-0E7129B4AAB4}.Release|x64.ActiveCfg = Release|Any CPU
		{7D5B77D1-9A3E-419C-80A9-0E7129B4AAB4}.Release|x64.Build.0 = Release|Any CPU
		{7D5B77D1-9A3E-419C-80A9-0E7129B4AAB4}.Release|x86.ActiveCfg = Release|Any CPU
		{7D5B77D1-9A3E-419C-80A9-0E7129B4AAB4}.Release|x86.Build.0 = Release|Any CPU
		{DE56F5D5-C8F3-492E-8AA9-7B764B5F5ED8}.Debug|Any CPU.ActiveCfg = Debug|Any CPU
		{DE56F5D5-C8F3-492E-8AA9-7B764B5F5ED8}.Debug|Any CPU.Build.0 = Debug|Any CPU
		{DE56F5D5-C8F3-492E-8AA9-7B764B5F5ED8}.Debug|ARM.ActiveCfg = Debug|Any CPU
		{DE56F5D5-C8F3-492E-8AA9-7B764B5F5ED8}.Debug|ARM.Build.0 = Debug|Any CPU
		{DE56F5D5-C8F3-492E-8AA9-7B764B5F5ED8}.Debug|ARM64.ActiveCfg = Debug|Any CPU
		{DE56F5D5-C8F3-492E-8AA9-7B764B5F5ED8}.Debug|ARM64.Build.0 = Debug|Any CPU
		{DE56F5D5-C8F3-492E-8AA9-7B764B5F5ED8}.Debug|x64.ActiveCfg = Debug|Any CPU
		{DE56F5D5-C8F3-492E-8AA9-7B764B5F5ED8}.Debug|x64.Build.0 = Debug|Any CPU
		{DE56F5D5-C8F3-492E-8AA9-7B764B5F5ED8}.Debug|x86.ActiveCfg = Debug|Any CPU
		{DE56F5D5-C8F3-492E-8AA9-7B764B5F5ED8}.Debug|x86.Build.0 = Debug|Any CPU
		{DE56F5D5-C8F3-492E-8AA9-7B764B5F5ED8}.Release|Any CPU.ActiveCfg = Release|Any CPU
		{DE56F5D5-C8F3-492E-8AA9-7B764B5F5ED8}.Release|Any CPU.Build.0 = Release|Any CPU
		{DE56F5D5-C8F3-492E-8AA9-7B764B5F5ED8}.Release|ARM.ActiveCfg = Release|Any CPU
		{DE56F5D5-C8F3-492E-8AA9-7B764B5F5ED8}.Release|ARM.Build.0 = Release|Any CPU
		{DE56F5D5-C8F3-492E-8AA9-7B764B5F5ED8}.Release|ARM64.ActiveCfg = Release|Any CPU
		{DE56F5D5-C8F3-492E-8AA9-7B764B5F5ED8}.Release|ARM64.Build.0 = Release|Any CPU
		{DE56F5D5-C8F3-492E-8AA9-7B764B5F5ED8}.Release|x64.ActiveCfg = Release|Any CPU
		{DE56F5D5-C8F3-492E-8AA9-7B764B5F5ED8}.Release|x64.Build.0 = Release|Any CPU
		{DE56F5D5-C8F3-492E-8AA9-7B764B5F5ED8}.Release|x86.ActiveCfg = Release|Any CPU
		{DE56F5D5-C8F3-492E-8AA9-7B764B5F5ED8}.Release|x86.Build.0 = Release|Any CPU
		{F9E04676-1243-4D3A-915F-47137625CCF4}.Debug|Any CPU.ActiveCfg = Debug|Any CPU
		{F9E04676-1243-4D3A-915F-47137625CCF4}.Debug|Any CPU.Build.0 = Debug|Any CPU
		{F9E04676-1243-4D3A-915F-47137625CCF4}.Debug|ARM.ActiveCfg = Debug|Any CPU
		{F9E04676-1243-4D3A-915F-47137625CCF4}.Debug|ARM.Build.0 = Debug|Any CPU
		{F9E04676-1243-4D3A-915F-47137625CCF4}.Debug|ARM64.ActiveCfg = Debug|Any CPU
		{F9E04676-1243-4D3A-915F-47137625CCF4}.Debug|ARM64.Build.0 = Debug|Any CPU
		{F9E04676-1243-4D3A-915F-47137625CCF4}.Debug|x64.ActiveCfg = Debug|Any CPU
		{F9E04676-1243-4D3A-915F-47137625CCF4}.Debug|x64.Build.0 = Debug|Any CPU
		{F9E04676-1243-4D3A-915F-47137625CCF4}.Debug|x86.ActiveCfg = Debug|Any CPU
		{F9E04676-1243-4D3A-915F-47137625CCF4}.Debug|x86.Build.0 = Debug|Any CPU
		{F9E04676-1243-4D3A-915F-47137625CCF4}.Release|Any CPU.ActiveCfg = Release|Any CPU
		{F9E04676-1243-4D3A-915F-47137625CCF4}.Release|Any CPU.Build.0 = Release|Any CPU
		{F9E04676-1243-4D3A-915F-47137625CCF4}.Release|ARM.ActiveCfg = Release|Any CPU
		{F9E04676-1243-4D3A-915F-47137625CCF4}.Release|ARM.Build.0 = Release|Any CPU
		{F9E04676-1243-4D3A-915F-47137625CCF4}.Release|ARM64.ActiveCfg = Release|Any CPU
		{F9E04676-1243-4D3A-915F-47137625CCF4}.Release|ARM64.Build.0 = Release|Any CPU
		{F9E04676-1243-4D3A-915F-47137625CCF4}.Release|x64.ActiveCfg = Release|Any CPU
		{F9E04676-1243-4D3A-915F-47137625CCF4}.Release|x64.Build.0 = Release|Any CPU
		{F9E04676-1243-4D3A-915F-47137625CCF4}.Release|x86.ActiveCfg = Release|Any CPU
		{F9E04676-1243-4D3A-915F-47137625CCF4}.Release|x86.Build.0 = Release|Any CPU
	EndGlobalSection
	GlobalSection(SolutionProperties) = preSolution
		HideSolutionNode = FALSE
	EndGlobalSection
	GlobalSection(ExtensibilityGlobals) = postSolution
		SolutionGuid = {C68291EF-A903-4672-A7BE-B1CB2A017C61}
	EndGlobalSection
EndGlobal
