
Microsoft Visual Studio Solution File, Format Version 12.00
# Visual Studio Version 17
VisualStudioVersion = 17.8.34330.188
MinimumVisualStudioVersion = 10.0.40219.1
Project("{9A19103F-16F7-4668-BE54-9A1E7A4F7556}") = "AzureDevOpsUtils", "AzureDevOpsUtils\AzureDevOpsUtils.csproj", "{42A723C8-696C-4E23-8CF2-30F1764AC625}"
EndProject
Project("{9A19103F-16F7-4668-BE54-9A1E7A4F7556}") = "AzureDevOpsUtils.Tests", "AzureDevOpsUtils.Tests\AzureDevOpsUtils.Tests.csproj", "{88FA6A7E-6F33-421E-987A-3906F2A40DAB}"
EndProject
Project("{9A19103F-16F7-4668-BE54-9A1E7A4F7556}") = "AzureDevOpsAPI", "AzureDevOpsAPI\AzureDevOpsAPI.csproj", "{5EB64B66-ACA8-4AAC-ADE5-45915CBDCFCD}"
EndProject
Global
	GlobalSection(SolutionConfigurationPlatforms) = preSolution
		Debug|Any CPU = Debug|Any CPU
		Release|Any CPU = Release|Any CPU
	EndGlobalSection
	GlobalSection(ProjectConfigurationPlatforms) = postSolution
		{42A723C8-696C-4E23-8CF2-30F1764AC625}.Debug|Any CPU.ActiveCfg = Debug|Any CPU
		{42A723C8-696C-4E23-8CF2-30F1764AC625}.Debug|Any CPU.Build.0 = Debug|Any CPU
		{42A723C8-696C-4E23-8CF2-30F1764AC625}.Release|Any CPU.ActiveCfg = Release|Any CPU
		{42A723C8-696C-4E23-8CF2-30F1764AC625}.Release|Any CPU.Build.0 = Release|Any CPU
		{88FA6A7E-6F33-421E-987A-3906F2A40DAB}.Debug|Any CPU.ActiveCfg = Debug|Any CPU
		{88FA6A7E-6F33-421E-987A-3906F2A40DAB}.Debug|Any CPU.Build.0 = Debug|Any CPU
		{88FA6A7E-6F33-421E-987A-3906F2A40DAB}.Release|Any CPU.ActiveCfg = Release|Any CPU
		{88FA6A7E-6F33-421E-987A-3906F2A40DAB}.Release|Any CPU.Build.0 = Release|Any CPU
		{5EB64B66-ACA8-4AAC-ADE5-45915CBDCFCD}.Debug|Any CPU.ActiveCfg = Debug|Any CPU
		{5EB64B66-ACA8-4AAC-ADE5-45915CBDCFCD}.Debug|Any CPU.Build.0 = Debug|Any CPU
		{5EB64B66-ACA8-4AAC-ADE5-45915CBDCFCD}.Release|Any CPU.ActiveCfg = Release|Any CPU
		{5EB64B66-ACA8-4AAC-ADE5-45915CBDCFCD}.Release|Any CPU.Build.0 = Release|Any CPU
	EndGlobalSection
	GlobalSection(SolutionProperties) = preSolution
		HideSolutionNode = FALSE
	EndGlobalSection
	GlobalSection(ExtensibilityGlobals) = postSolution
		SolutionGuid = {C68291EF-A903-4672-A7BE-B1CB2A017C61}
	EndGlobalSection
EndGlobal
